// !$*UTF8*$!
{
	archiveVersion = 1;
	classes = {
	};
	objectVersion = 46;
	objects = {

/* Begin PBXBuildFile section */
		2EA87D361A34D0DC0000E46A /* AppDelegate.swift in Sources */ = {isa = PBXBuildFile; fileRef = 2EA87D351A34D0DC0000E46A /* AppDelegate.swift */; };
		2EA87D381A34D0DC0000E46A /* ViewController.swift in Sources */ = {isa = PBXBuildFile; fileRef = 2EA87D371A34D0DC0000E46A /* ViewController.swift */; };
		2EA87D3B1A34D0DC0000E46A /* Main.storyboard in Resources */ = {isa = PBXBuildFile; fileRef = 2EA87D391A34D0DC0000E46A /* Main.storyboard */; };
		2EA87D3D1A34D0DC0000E46A /* Images.xcassets in Resources */ = {isa = PBXBuildFile; fileRef = 2EA87D3C1A34D0DC0000E46A /* Images.xcassets */; };
		2EA87D401A34D0DC0000E46A /* LaunchScreen.xib in Resources */ = {isa = PBXBuildFile; fileRef = 2EA87D3E1A34D0DC0000E46A /* LaunchScreen.xib */; };
		2EA87D4C1A34D0DC0000E46A /* SpeedometerHudTests.swift in Sources */ = {isa = PBXBuildFile; fileRef = 2EA87D4B1A34D0DC0000E46A /* SpeedometerHudTests.swift */; };
		2EA87D561A34EF5F0000E46A /* QuartzCore.framework in Frameworks */ = {isa = PBXBuildFile; fileRef = 2EA87D551A34EF5F0000E46A /* QuartzCore.framework */; };
		2EA87D581A34FA9C0000E46A /* Speed.swift in Sources */ = {isa = PBXBuildFile; fileRef = 2EA87D571A34FA9C0000E46A /* Speed.swift */; };
/* End PBXBuildFile section */

/* Begin PBXContainerItemProxy section */
		2EA87D461A34D0DC0000E46A /* PBXContainerItemProxy */ = {
			isa = PBXContainerItemProxy;
			containerPortal = 2EA87D281A34D0DC0000E46A /* Project object */;
			proxyType = 1;
			remoteGlobalIDString = 2EA87D2F1A34D0DC0000E46A;
			remoteInfo = SpeedometerHud;
		};
/* End PBXContainerItemProxy section */

/* Begin PBXFileReference section */
		2EA87D301A34D0DC0000E46A /* SpeedometerHud.app */ = {isa = PBXFileReference; explicitFileType = wrapper.application; includeInIndex = 0; path = SpeedometerHud.app; sourceTree = BUILT_PRODUCTS_DIR; };
		2EA87D341A34D0DC0000E46A /* Info.plist */ = {isa = PBXFileReference; lastKnownFileType = text.plist.xml; path = Info.plist; sourceTree = "<group>"; };
		2EA87D351A34D0DC0000E46A /* AppDelegate.swift */ = {isa = PBXFileReference; lastKnownFileType = sourcecode.swift; path = AppDelegate.swift; sourceTree = "<group>"; };
		2EA87D371A34D0DC0000E46A /* ViewController.swift */ = {isa = PBXFileReference; lastKnownFileType = sourcecode.swift; path = ViewController.swift; sourceTree = "<group>"; };
		2EA87D3A1A34D0DC0000E46A /* Base */ = {isa = PBXFileReference; lastKnownFileType = file.storyboard; name = Base; path = Base.lproj/Main.storyboard; sourceTree = "<group>"; };
		2EA87D3C1A34D0DC0000E46A /* Images.xcassets */ = {isa = PBXFileReference; lastKnownFileType = folder.assetcatalog; path = Images.xcassets; sourceTree = "<group>"; };
		2EA87D3F1A34D0DC0000E46A /* Base */ = {isa = PBXFileReference; lastKnownFileType = file.xib; name = Base; path = Base.lproj/LaunchScreen.xib; sourceTree = "<group>"; };
		2EA87D451A34D0DC0000E46A /* SpeedometerHudTests.xctest */ = {isa = PBXFileReference; explicitFileType = wrapper.cfbundle; includeInIndex = 0; path = SpeedometerHudTests.xctest; sourceTree = BUILT_PRODUCTS_DIR; };
		2EA87D4A1A34D0DC0000E46A /* Info.plist */ = {isa = PBXFileReference; lastKnownFileType = text.plist.xml; path = Info.plist; sourceTree = "<group>"; };
		2EA87D4B1A34D0DC0000E46A /* SpeedometerHudTests.swift */ = {isa = PBXFileReference; lastKnownFileType = sourcecode.swift; path = SpeedometerHudTests.swift; sourceTree = "<group>"; };
		2EA87D551A34EF5F0000E46A /* QuartzCore.framework */ = {isa = PBXFileReference; lastKnownFileType = wrapper.framework; name = QuartzCore.framework; path = System/Library/Frameworks/QuartzCore.framework; sourceTree = SDKROOT; };
		2EA87D571A34FA9C0000E46A /* Speed.swift */ = {isa = PBXFileReference; fileEncoding = 4; lastKnownFileType = sourcecode.swift; path = Speed.swift; sourceTree = "<group>"; };
/* End PBXFileReference section */

/* Begin PBXFrameworksBuildPhase section */
		2EA87D2D1A34D0DC0000E46A /* Frameworks */ = {
			isa = PBXFrameworksBuildPhase;
			buildActionMask = 2147483647;
			files = (
				2EA87D561A34EF5F0000E46A /* QuartzCore.framework in Frameworks */,
			);
			runOnlyForDeploymentPostprocessing = 0;
		};
		2EA87D421A34D0DC0000E46A /* Frameworks */ = {
			isa = PBXFrameworksBuildPhase;
			buildActionMask = 2147483647;
			files = (
			);
			runOnlyForDeploymentPostprocessing = 0;
		};
/* End PBXFrameworksBuildPhase section */

/* Begin PBXGroup section */
		2EA87D271A34D0DC0000E46A = {
			isa = PBXGroup;
			children = (
				2EA87D551A34EF5F0000E46A /* QuartzCore.framework */,
				2EA87D321A34D0DC0000E46A /* SpeedometerHud */,
				2EA87D481A34D0DC0000E46A /* SpeedometerHudTests */,
				2EA87D311A34D0DC0000E46A /* Products */,
			);
			sourceTree = "<group>";
		};
		2EA87D311A34D0DC0000E46A /* Products */ = {
			isa = PBXGroup;
			children = (
				2EA87D301A34D0DC0000E46A /* SpeedometerHud.app */,
				2EA87D451A34D0DC0000E46A /* SpeedometerHudTests.xctest */,
			);
			name = Products;
			sourceTree = "<group>";
		};
		2EA87D321A34D0DC0000E46A /* SpeedometerHud */ = {
			isa = PBXGroup;
			children = (
				2EA87D351A34D0DC0000E46A /* AppDelegate.swift */,
				2EA87D371A34D0DC0000E46A /* ViewController.swift */,
				2EA87D571A34FA9C0000E46A /* Speed.swift */,
				2EA87D391A34D0DC0000E46A /* Main.storyboard */,
				2EA87D3C1A34D0DC0000E46A /* Images.xcassets */,
				2EA87D3E1A34D0DC0000E46A /* LaunchScreen.xib */,
				2EA87D331A34D0DC0000E46A /* Supporting Files */,
			);
			path = SpeedometerHud;
			sourceTree = "<group>";
		};
		2EA87D331A34D0DC0000E46A /* Supporting Files */ = {
			isa = PBXGroup;
			children = (
				2EA87D341A34D0DC0000E46A /* Info.plist */,
			);
			name = "Supporting Files";
			sourceTree = "<group>";
		};
		2EA87D481A34D0DC0000E46A /* SpeedometerHudTests */ = {
			isa = PBXGroup;
			children = (
				2EA87D4B1A34D0DC0000E46A /* SpeedometerHudTests.swift */,
				2EA87D491A34D0DC0000E46A /* Supporting Files */,
			);
			path = SpeedometerHudTests;
			sourceTree = "<group>";
		};
		2EA87D491A34D0DC0000E46A /* Supporting Files */ = {
			isa = PBXGroup;
			children = (
				2EA87D4A1A34D0DC0000E46A /* Info.plist */,
			);
			name = "Supporting Files";
			sourceTree = "<group>";
		};
/* End PBXGroup section */

/* Begin PBXNativeTarget section */
		2EA87D2F1A34D0DC0000E46A /* SpeedometerHud */ = {
			isa = PBXNativeTarget;
			buildConfigurationList = 2EA87D4F1A34D0DC0000E46A /* Build configuration list for PBXNativeTarget "SpeedometerHud" */;
			buildPhases = (
				2EA87D2C1A34D0DC0000E46A /* Sources */,
				2EA87D2D1A34D0DC0000E46A /* Frameworks */,
				2EA87D2E1A34D0DC0000E46A /* Resources */,
			);
			buildRules = (
			);
			dependencies = (
			);
			name = SpeedometerHud;
			productName = SpeedometerHud;
			productReference = 2EA87D301A34D0DC0000E46A /* SpeedometerHud.app */;
			productType = "com.apple.product-type.application";
		};
		2EA87D441A34D0DC0000E46A /* SpeedometerHudTests */ = {
			isa = PBXNativeTarget;
			buildConfigurationList = 2EA87D521A34D0DC0000E46A /* Build configuration list for PBXNativeTarget "SpeedometerHudTests" */;
			buildPhases = (
				2EA87D411A34D0DC0000E46A /* Sources */,
				2EA87D421A34D0DC0000E46A /* Frameworks */,
				2EA87D431A34D0DC0000E46A /* Resources */,
			);
			buildRules = (
			);
			dependencies = (
				2EA87D471A34D0DC0000E46A /* PBXTargetDependency */,
			);
			name = SpeedometerHudTests;
			productName = SpeedometerHudTests;
			productReference = 2EA87D451A34D0DC0000E46A /* SpeedometerHudTests.xctest */;
			productType = "com.apple.product-type.bundle.unit-test";
		};
/* End PBXNativeTarget section */

/* Begin PBXProject section */
		2EA87D281A34D0DC0000E46A /* Project object */ = {
			isa = PBXProject;
			attributes = {
				LastSwiftMigration = 0720;
				LastSwiftUpdateCheck = 0720;
				LastUpgradeCheck = 0720;
				ORGANIZATIONNAME = "Per Jansson";
				TargetAttributes = {
					2EA87D2F1A34D0DC0000E46A = {
						CreatedOnToolsVersion = 6.1;
						DevelopmentTeam = RC88D2HS3Y;
					};
					2EA87D441A34D0DC0000E46A = {
						CreatedOnToolsVersion = 6.1;
						TestTargetID = 2EA87D2F1A34D0DC0000E46A;
					};
				};
			};
			buildConfigurationList = 2EA87D2B1A34D0DC0000E46A /* Build configuration list for PBXProject "SpeedometerHud" */;
			compatibilityVersion = "Xcode 3.2";
			developmentRegion = English;
			hasScannedForEncodings = 0;
			knownRegions = (
				en,
				Base,
			);
			mainGroup = 2EA87D271A34D0DC0000E46A;
			productRefGroup = 2EA87D311A34D0DC0000E46A /* Products */;
			projectDirPath = "";
			projectRoot = "";
			targets = (
				2EA87D2F1A34D0DC0000E46A /* SpeedometerHud */,
				2EA87D441A34D0DC0000E46A /* SpeedometerHudTests */,
			);
		};
/* End PBXProject section */

/* Begin PBXResourcesBuildPhase section */
		2EA87D2E1A34D0DC0000E46A /* Resources */ = {
			isa = PBXResourcesBuildPhase;
			buildActionMask = 2147483647;
			files = (
				2EA87D3B1A34D0DC0000E46A /* Main.storyboard in Resources */,
				2EA87D401A34D0DC0000E46A /* LaunchScreen.xib in Resources */,
				2EA87D3D1A34D0DC0000E46A /* Images.xcassets in Resources */,
			);
			runOnlyForDeploymentPostprocessing = 0;
		};
		2EA87D431A34D0DC0000E46A /* Resources */ = {
			isa = PBXResourcesBuildPhase;
			buildActionMask = 2147483647;
			files = (
			);
			runOnlyForDeploymentPostprocessing = 0;
		};
/* End PBXResourcesBuildPhase section */

/* Begin PBXSourcesBuildPhase section */
		2EA87D2C1A34D0DC0000E46A /* Sources */ = {
			isa = PBXSourcesBuildPhase;
			buildActionMask = 2147483647;
			files = (
				2EA87D581A34FA9C0000E46A /* Speed.swift in Sources */,
				2EA87D381A34D0DC0000E46A /* ViewController.swift in Sources */,
				2EA87D361A34D0DC0000E46A /* AppDelegate.swift in Sources */,
			);
			runOnlyForDeploymentPostprocessing = 0;
		};
		2EA87D411A34D0DC0000E46A /* Sources */ = {
			isa = PBXSourcesBuildPhase;
			buildActionMask = 2147483647;
			files = (
				2EA87D4C1A34D0DC0000E46A /* SpeedometerHudTests.swift in Sources */,
			);
			runOnlyForDeploymentPostprocessing = 0;
		};
/* End PBXSourcesBuildPhase section */

/* Begin PBXTargetDependency section */
		2EA87D471A34D0DC0000E46A /* PBXTargetDependency */ = {
			isa = PBXTargetDependency;
			target = 2EA87D2F1A34D0DC0000E46A /* SpeedometerHud */;
			targetProxy = 2EA87D461A34D0DC0000E46A /* PBXContainerItemProxy */;
		};
/* End PBXTargetDependency section */

/* Begin PBXVariantGroup section */
		2EA87D391A34D0DC0000E46A /* Main.storyboard */ = {
			isa = PBXVariantGroup;
			children = (
				2EA87D3A1A34D0DC0000E46A /* Base */,
			);
			name = Main.storyboard;
			sourceTree = "<group>";
		};
		2EA87D3E1A34D0DC0000E46A /* LaunchScreen.xib */ = {
			isa = PBXVariantGroup;
			children = (
				2EA87D3F1A34D0DC0000E46A /* Base */,
			);
			name = LaunchScreen.xib;
			sourceTree = "<group>";
		};
/* End PBXVariantGroup section */

/* Begin XCBuildConfiguration section */
		2EA87D4D1A34D0DC0000E46A /* Debug */ = {
			isa = XCBuildConfiguration;
			buildSettings = {
				ALWAYS_SEARCH_USER_PATHS = NO;
				CLANG_CXX_LANGUAGE_STANDARD = "gnu++0x";
				CLANG_CXX_LIBRARY = "libc++";
				CLANG_ENABLE_MODULES = YES;
				CLANG_ENABLE_OBJC_ARC = YES;
				CLANG_WARN_BOOL_CONVERSION = YES;
				CLANG_WARN_CONSTANT_CONVERSION = YES;
				CLANG_WARN_DIRECT_OBJC_ISA_USAGE = YES_ERROR;
				CLANG_WARN_EMPTY_BODY = YES;
				CLANG_WARN_ENUM_CONVERSION = YES;
				CLANG_WARN_INT_CONVERSION = YES;
				CLANG_WARN_OBJC_ROOT_CLASS = YES_ERROR;
				CLANG_WARN_UNREACHABLE_CODE = YES;
				CLANG_WARN__DUPLICATE_METHOD_MATCH = YES;
				"CODE_SIGN_IDENTITY[sdk=iphoneos*]" = "iPhone Developer";
				COPY_PHASE_STRIP = NO;
				ENABLE_STRICT_OBJC_MSGSEND = YES;
				ENABLE_TESTABILITY = YES;
				GCC_C_LANGUAGE_STANDARD = gnu99;
				GCC_DYNAMIC_NO_PIC = NO;
				GCC_OPTIMIZATION_LEVEL = 0;
				GCC_PREPROCESSOR_DEFINITIONS = (
					"DEBUG=1",
					"$(inherited)",
				);
				GCC_SYMBOLS_PRIVATE_EXTERN = NO;
				GCC_WARN_64_TO_32_BIT_CONVERSION = YES;
				GCC_WARN_ABOUT_RETURN_TYPE = YES_ERROR;
				GCC_WARN_UNDECLARED_SELECTOR = YES;
				GCC_WARN_UNINITIALIZED_AUTOS = YES_AGGRESSIVE;
				GCC_WARN_UNUSED_FUNCTION = YES;
				GCC_WARN_UNUSED_VARIABLE = YES;
				IPHONEOS_DEPLOYMENT_TARGET = 8.1;
				MTL_ENABLE_DEBUG_INFO = YES;
				ONLY_ACTIVE_ARCH = YES;
				SDKROOT = iphoneos;
				SWIFT_OPTIMIZATION_LEVEL = "-Onone";
				TARGETED_DEVICE_FAMILY = "1,2";
			};
			name = Debug;
		};
		2EA87D4E1A34D0DC0000E46A /* Release */ = {
			isa = XCBuildConfiguration;
			buildSettings = {
				ALWAYS_SEARCH_USER_PATHS = NO;
				CLANG_CXX_LANGUAGE_STANDARD = "gnu++0x";
				CLANG_CXX_LIBRARY = "libc++";
				CLANG_ENABLE_MODULES = YES;
				CLANG_ENABLE_OBJC_ARC = YES;
				CLANG_WARN_BOOL_CONVERSION = YES;
				CLANG_WARN_CONSTANT_CONVERSION = YES;
				CLANG_WARN_DIRECT_OBJC_ISA_USAGE = YES_ERROR;
				CLANG_WARN_EMPTY_BODY = YES;
				CLANG_WARN_ENUM_CONVERSION = YES;
				CLANG_WARN_INT_CONVERSION = YES;
				CLANG_WARN_OBJC_ROOT_CLASS = YES_ERROR;
				CLANG_WARN_UNREACHABLE_CODE = YES;
				CLANG_WARN__DUPLICATE_METHOD_MATCH = YES;
				"CODE_SIGN_IDENTITY[sdk=iphoneos*]" = "iPhone Developer";
				COPY_PHASE_STRIP = YES;
				ENABLE_NS_ASSERTIONS = NO;
				ENABLE_STRICT_OBJC_MSGSEND = YES;
				GCC_C_LANGUAGE_STANDARD = gnu99;
				GCC_WARN_64_TO_32_BIT_CONVERSION = YES;
				GCC_WARN_ABOUT_RETURN_TYPE = YES_ERROR;
				GCC_WARN_UNDECLARED_SELECTOR = YES;
				GCC_WARN_UNINITIALIZED_AUTOS = YES_AGGRESSIVE;
				GCC_WARN_UNUSED_FUNCTION = YES;
				GCC_WARN_UNUSED_VARIABLE = YES;
				IPHONEOS_DEPLOYMENT_TARGET = 8.1;
				MTL_ENABLE_DEBUG_INFO = NO;
				SDKROOT = iphoneos;
				TARGETED_DEVICE_FAMILY = "1,2";
				VALIDATE_PRODUCT = YES;
			};
			name = Release;
		};
		2EA87D501A34D0DC0000E46A /* Debug */ = {
			isa = XCBuildConfiguration;
			buildSettings = {
				ASSETCATALOG_COMPILER_APPICON_NAME = AppIcon;
				CODE_SIGN_IDENTITY = "";
				"CODE_SIGN_IDENTITY[sdk=iphoneos*]" = "iPhone Developer";
				INFOPLIST_FILE = SpeedometerHud/Info.plist;
				IPHONEOS_DEPLOYMENT_TARGET = 8.0;
				LD_RUNPATH_SEARCH_PATHS = "$(inherited) @executable_path/Frameworks";
				PRODUCT_BUNDLE_IDENTIFIER = com.perjansson.ios.speedometerhud;
				PRODUCT_NAME = "$(TARGET_NAME)";
				PROVISIONING_PROFILE = "";
			};
			name = Debug;
		};
		2EA87D511A34D0DC0000E46A /* Release */ = {
			isa = XCBuildConfiguration;
			buildSettings = {
				ASSETCATALOG_COMPILER_APPICON_NAME = AppIcon;
				CODE_SIGN_IDENTITY = "";
				"CODE_SIGN_IDENTITY[sdk=iphoneos*]" = "iPhone Developer";
				INFOPLIST_FILE = SpeedometerHud/Info.plist;
				IPHONEOS_DEPLOYMENT_TARGET = 8.0;
				LD_RUNPATH_SEARCH_PATHS = "$(inherited) @executable_path/Frameworks";
				PRODUCT_BUNDLE_IDENTIFIER = com.perjansson.ios.speedometerhud;
				PRODUCT_NAME = "$(TARGET_NAME)";
				PROVISIONING_PROFILE = "";
			};
			name = Release;
		};
		2EA87D531A34D0DC0000E46A /* Debug */ = {
			isa = XCBuildConfiguration;
			buildSettings = {
				BUNDLE_LOADER = "$(TEST_HOST)";
				FRAMEWORK_SEARCH_PATHS = (
					"$(SDKROOT)/Developer/Library/Frameworks",
					"$(inherited)",
				);
				GCC_PREPROCESSOR_DEFINITIONS = (
					"DEBUG=1",
					"$(inherited)",
				);
				INFOPLIST_FILE = SpeedometerHudTests/Info.plist;
				LD_RUNPATH_SEARCH_PATHS = "$(inherited) @executable_path/Frameworks @loader_path/Frameworks";
				PRODUCT_BUNDLE_IDENTIFIER = "com.perjansson.ios.$(PRODUCT_NAME:rfc1034identifier)";
				PRODUCT_NAME = "$(TARGET_NAME)";
				TEST_HOST = "$(BUILT_PRODUCTS_DIR)/SpeedometerHud.app/SpeedometerHud";
			};
			name = Debug;
		};
		2EA87D541A34D0DC0000E46A /* Release */ = {
			isa = XCBuildConfiguration;
			buildSettings = {
				BUNDLE_LOADER = "$(TEST_HOST)";
				FRAMEWORK_SEARCH_PATHS = (
					"$(SDKROOT)/Developer/Library/Frameworks",
					"$(inherited)",
				);
				INFOPLIST_FILE = SpeedometerHudTests/Info.plist;
				LD_RUNPATH_SEARCH_PATHS = "$(inherited) @executable_path/Frameworks @loader_path/Frameworks";
				PRODUCT_BUNDLE_IDENTIFIER = "com.perjansson.ios.$(PRODUCT_NAME:rfc1034identifier)";
				PRODUCT_NAME = "$(TARGET_NAME)";
				TEST_HOST = "$(BUILT_PRODUCTS_DIR)/SpeedometerHud.app/SpeedometerHud";
			};
			name = Release;
		};
/* End XCBuildConfiguration section */

/* Begin XCConfigurationList section */
		2EA87D2B1A34D0DC0000E46A /* Build configuration list for PBXProject "SpeedometerHud" */ = {
			isa = XCConfigurationList;
			buildConfigurations = (
				2EA87D4D1A34D0DC0000E46A /* Debug */,
				2EA87D4E1A34D0DC0000E46A /* Release */,
			);
			defaultConfigurationIsVisible = 0;
			defaultConfigurationName = Release;
		};
		2EA87D4F1A34D0DC0000E46A /* Build configuration list for PBXNativeTarget "SpeedometerHud" */ = {
			isa = XCConfigurationList;
			buildConfigurations = (
				2EA87D501A34D0DC0000E46A /* Debug */,
				2EA87D511A34D0DC0000E46A /* Release */,
			);
			defaultConfigurationIsVisible = 0;
			defaultConfigurationName = Release;
		};
		2EA87D521A34D0DC0000E46A /* Build configuration list for PBXNativeTarget "SpeedometerHudTests" */ = {
			isa = XCConfigurationList;
			buildConfigurations = (
				2EA87D531A34D0DC0000E46A /* Debug */,
				2EA87D541A34D0DC0000E46A /* Release */,
			);
			defaultConfigurationIsVisible = 0;
			defaultConfigurationName = Release;
		};
/* End XCConfigurationList section */
	};
	rootObject = 2EA87D281A34D0DC0000E46A /* Project object */;
}
